<?xml version="1.0" encoding="utf-8"?>
<Project ToolsVersion="4.0" xmlns="http://schemas.microsoft.com/developer/msbuild/2003">
  <ItemGroup>
    <Filter Include="Source Files">
      <UniqueIdentifier>{4FC737F1-C7A5-4376-A066-2A32D752A2FF}</UniqueIdentifier>
      <Extensions>cpp;c;cc;cxx;def;odl;idl;hpj;bat;asm;asmx</Extensions>
    </Filter>
    <Filter Include="Header Files">
      <UniqueIdentifier>{93995380-89BD-4b04-88EB-625FBE52EBFB}</UniqueIdentifier>
      <Extensions>h;hh;hpp;hxx;hm;inl;inc;xsd</Extensions>
    </Filter>
    <Filter Include="Resource Files">
      <UniqueIdentifier>{67DA6AB6-F800-4c08-8B7A-83BB121AAD01}</UniqueIdentifier>
      <Extensions>rc;ico;cur;bmp;dlg;rc2;rct;bin;rgs;gif;jpg;jpeg;jpe;resx;tiff;tif;png;wav;mfcribbon-ms</Extensions>
    </Filter>
    <Filter Include="agc_legacy">
      <UniqueIdentifier>{dc74962d-09ec-4a0d-9337-d435c714c2e3}</UniqueIdentifier>
    </Filter>
    <Filter Include="base">
      <UniqueIdentifier>{33575a01-266d-4864-a303-64944836fd9a}</UniqueIdentifier>
    </Filter>
    <Filter Include="signal_processing">
      <UniqueIdentifier>{2ca42519-056c-499e-9d93-a48f4767c160}</UniqueIdentifier>
    </Filter>
  </ItemGroup>
  <ItemGroup>
    <ClCompile Include="..\..\..\legacy\analog_agc.c">
      <Filter>agc_legacy</Filter>
    </ClCompile>
    <ClCompile Include="..\..\..\legacy\digital_agc.c">
      <Filter>agc_legacy</Filter>
    </ClCompile>
    <ClCompile Include="..\..\..\..\..\..\base\checks.cc">
      <Filter>base</Filter>
    </ClCompile>
    <ClCompile Include="..\..\..\..\..\..\common_audio\signal_processing\copy_set_operations.c">
      <Filter>signal_processing</Filter>
    </ClCompile>
    <ClCompile Include="..\..\..\..\..\..\common_audio\signal_processing\division_operations.c">
      <Filter>signal_processing</Filter>
    </ClCompile>
    <ClCompile Include="..\..\..\..\..\..\common_audio\signal_processing\dot_product_with_scale.cc">
      <Filter>signal_processing</Filter>
    </ClCompile>
    <ClCompile Include="..\..\..\..\..\..\common_audio\signal_processing\resample_by_2.c">
      <Filter>signal_processing</Filter>
    </ClCompile>
    <ClCompile Include="..\..\..\..\..\..\common_audio\signal_processing\spl_sqrt.c">
      <Filter>signal_processing</Filter>
    </ClCompile>
    <ClCompile Include="..\..\..\..\..\..\common_audio\signal_processing\spl_inl.c">
      <Filter>signal_processing</Filter>
    </ClCompile>
  </ItemGroup>
  <ItemGroup>
    <ClInclude Include="..\..\..\legacy\analog_agc.h">
      <Filter>agc_legacy</Filter>
    </ClInclude>
    <ClInclude Include="..\..\..\legacy\digital_agc.h">
      <Filter>agc_legacy</Filter>
    </ClInclude>
    <ClInclude Include="..\..\..\legacy\gain_control.h">
      <Filter>agc_legacy</Filter>
    </ClInclude>
  </ItemGroup>
</Project>